schema: '2.0'
stages:
  load_data:
    cmd: python src/get_data.py --config=params.yaml
    deps:
    - path: Original_data/flight_data.xlsx
      md5: 756221384eb61ff168c5db6b81438501
      size: 530389
    - path: src/get_data.py
      md5: 4609865624590a92fef65f45972ab05c
      size: 692
    outs:
    - path: data/raw/flight_data.csv
      md5: ea995518999e47766c19cedb8b1510bf
      size: 1107157
  final_data:
    cmd: python src/feature_engineering.py --config=params.yaml
    deps:
    - path: data/raw/flight_data.csv
      md5: ea995518999e47766c19cedb8b1510bf
      size: 1107157
    - path: src/feature_engineering.py
      md5: 51f3a854b4c296bc51d380182b1b2104
      size: 2322
    outs:
    - path: data/filtered/final_data.csv
      md5: a3be2c65c642a6aed00fbc4e2930bc2f
      size: 717141
  filter_data:
    cmd: python src/feature_engineering.py --config=params.yaml
    deps:
    - path: data/raw/flight_data.csv
      md5: ea995518999e47766c19cedb8b1510bf
      size: 1107157
    - path: src/feature_engineering.py
      md5: 51f3a854b4c296bc51d380182b1b2104
      size: 2322
    outs:
    - path: data/filtered/final_data.csv
      md5: a3be2c65c642a6aed00fbc4e2930bc2f
      size: 717141
  split_data:
    cmd: python src/split_data.py --config=params.yaml
    deps:
    - path: data/filtered/final_data.csv
      md5: a3be2c65c642a6aed00fbc4e2930bc2f
      size: 717141
    - path: src/split_data.py
      md5: 6e1a431e335496bf0876d3558baaab15
      size: 973
    outs:
    - path: data/processed/test.csv
      md5: 31791ea3b52e60f30ea7917d319cc5db
      size: 143805
    - path: data/processed/train.csv
      md5: a62f8ca7b4c71205f633fb1bb0f60d77
      size: 573759
  model_train_evaluate:
    cmd: python src/model_train_evaluate.py --config=params.yaml
    deps:
    - path: data/processed/test.csv
      md5: 31791ea3b52e60f30ea7917d319cc5db
      size: 143805
    - path: data/processed/train.csv
      md5: a62f8ca7b4c71205f633fb1bb0f60d77
      size: 573759
    - path: src/model_train_evaluate.py
      md5: afe3f235f96ca17e5cd540b95c5815cb
      size: 2708
    params:
      params.yaml:
        estimators.CatBoost.params.depth: 8
        estimators.CatBoost.params.iterations: 1000
        estimators.CatBoost.params.learning_rate: 0.5718
    outs:
    - path: report/params.json
      md5: fb39c82222f36a2a8ca7ee52d6efe549
      size: 75
    - path: report/scores.json
      md5: f9785253119d3528b0372005e1bb9137
      size: 97
    - path: saved_models/model.joblib
      md5: 832fbf078ed7c3a3dc694ceab5051f41
      size: 4144647
